// !$*UTF8*$!
{
	archiveVersion = 1;
	classes = {
	};
	objectVersion = 46;
	objects = {

/* Begin PBXBuildFile section */
		222B8EAA1AF2B4120091F73B /* AppDelegate.swift in Sources */ = {isa = PBXBuildFile; fileRef = 222B8EA91AF2B4120091F73B /* AppDelegate.swift */; };
		222B8EAC1AF2B4120091F73B /* ViewController.swift in Sources */ = {isa = PBXBuildFile; fileRef = 222B8EAB1AF2B4120091F73B /* ViewController.swift */; };
		222B8EAF1AF2B4120091F73B /* Main.storyboard in Resources */ = {isa = PBXBuildFile; fileRef = 222B8EAD1AF2B4120091F73B /* Main.storyboard */; };
		222B8EB11AF2B4120091F73B /* Images.xcassets in Resources */ = {isa = PBXBuildFile; fileRef = 222B8EB01AF2B4120091F73B /* Images.xcassets */; };
		222B8EB41AF2B4120091F73B /* LaunchScreen.xib in Resources */ = {isa = PBXBuildFile; fileRef = 222B8EB21AF2B4120091F73B /* LaunchScreen.xib */; };
		222B8EC01AF2B4120091F73B /* Simon_SaysTests.swift in Sources */ = {isa = PBXBuildFile; fileRef = 222B8EBF1AF2B4120091F73B /* Simon_SaysTests.swift */; };
		222B8ED21AF2B4D60091F73B /* InterfaceController.swift in Sources */ = {isa = PBXBuildFile; fileRef = 222B8ED11AF2B4D60091F73B /* InterfaceController.swift */; };
		222B8ED41AF2B4D60091F73B /* Images.xcassets in Resources */ = {isa = PBXBuildFile; fileRef = 222B8ED31AF2B4D60091F73B /* Images.xcassets */; };
		222B8ED81AF2B4D60091F73B /* Simon Says WatchKit App.app in Resources */ = {isa = PBXBuildFile; fileRef = 222B8ED71AF2B4D60091F73B /* Simon Says WatchKit App.app */; };
		222B8EE01AF2B4D60091F73B /* Interface.storyboard in Resources */ = {isa = PBXBuildFile; fileRef = 222B8EDE1AF2B4D60091F73B /* Interface.storyboard */; };
		222B8EE21AF2B4D60091F73B /* Images.xcassets in Resources */ = {isa = PBXBuildFile; fileRef = 222B8EE11AF2B4D60091F73B /* Images.xcassets */; };
		222B8EE51AF2B4D60091F73B /* Simon Says WatchKit Extension.appex in Embed App Extensions */ = {isa = PBXBuildFile; fileRef = 222B8ECD1AF2B4D60091F73B /* Simon Says WatchKit Extension.appex */; settings = {ATTRIBUTES = (RemoveHeadersOnCopy, ); }; };
		22C2BD6E1AF5343500CC23F5 /* MenuViewController.swift in Sources */ = {isa = PBXBuildFile; fileRef = 22C2BD6D1AF5343500CC23F5 /* MenuViewController.swift */; };
		22C2BD701AF53E1500CC23F5 /* GameBoardViewController.swift in Sources */ = {isa = PBXBuildFile; fileRef = 22C2BD6F1AF53E1500CC23F5 /* GameBoardViewController.swift */; };
		22FDF8E11AF42CDE008EA3E6 /* MenuInterfaceController.swift in Sources */ = {isa = PBXBuildFile; fileRef = 22FDF8E01AF42CDE008EA3E6 /* MenuInterfaceController.swift */; };
/* End PBXBuildFile section */

/* Begin PBXContainerItemProxy section */
		222B8EBA1AF2B4120091F73B /* PBXContainerItemProxy */ = {
			isa = PBXContainerItemProxy;
			containerPortal = 222B8E9C1AF2B4120091F73B /* Project object */;
			proxyType = 1;
			remoteGlobalIDString = 222B8EA31AF2B4120091F73B;
			remoteInfo = "Simon Says";
		};
		222B8ED91AF2B4D60091F73B /* PBXContainerItemProxy */ = {
			isa = PBXContainerItemProxy;
			containerPortal = 222B8E9C1AF2B4120091F73B /* Project object */;
			proxyType = 1;
			remoteGlobalIDString = 222B8ED61AF2B4D60091F73B;
			remoteInfo = "Simon Says WatchKit App";
		};
		222B8EE31AF2B4D60091F73B /* PBXContainerItemProxy */ = {
			isa = PBXContainerItemProxy;
			containerPortal = 222B8E9C1AF2B4120091F73B /* Project object */;
			proxyType = 1;
			remoteGlobalIDString = 222B8ECC1AF2B4D60091F73B;
			remoteInfo = "Simon Says WatchKit Extension";
		};
/* End PBXContainerItemProxy section */

/* Begin PBXCopyFilesBuildPhase section */
		222B8EEC1AF2B4D60091F73B /* Embed App Extensions */ = {
			isa = PBXCopyFilesBuildPhase;
			buildActionMask = 2147483647;
			dstPath = "";
			dstSubfolderSpec = 13;
			files = (
				222B8EE51AF2B4D60091F73B /* Simon Says WatchKit Extension.appex in Embed App Extensions */,
			);
			name = "Embed App Extensions";
			runOnlyForDeploymentPostprocessing = 0;
		};
/* End PBXCopyFilesBuildPhase section */

/* Begin PBXFileReference section */
		222B8EA41AF2B4120091F73B /* Simon Says.app */ = {isa = PBXFileReference; explicitFileType = wrapper.application; includeInIndex = 0; path = "Simon Says.app"; sourceTree = BUILT_PRODUCTS_DIR; };
		222B8EA81AF2B4120091F73B /* Info.plist */ = {isa = PBXFileReference; lastKnownFileType = text.plist.xml; path = Info.plist; sourceTree = "<group>"; };
		222B8EA91AF2B4120091F73B /* AppDelegate.swift */ = {isa = PBXFileReference; lastKnownFileType = sourcecode.swift; path = AppDelegate.swift; sourceTree = "<group>"; };
		222B8EAB1AF2B4120091F73B /* ViewController.swift */ = {isa = PBXFileReference; lastKnownFileType = sourcecode.swift; path = ViewController.swift; sourceTree = "<group>"; };
		222B8EAE1AF2B4120091F73B /* Base */ = {isa = PBXFileReference; lastKnownFileType = file.storyboard; name = Base; path = Base.lproj/Main.storyboard; sourceTree = "<group>"; };
		222B8EB01AF2B4120091F73B /* Images.xcassets */ = {isa = PBXFileReference; lastKnownFileType = folder.assetcatalog; path = Images.xcassets; sourceTree = "<group>"; };
		222B8EB31AF2B4120091F73B /* Base */ = {isa = PBXFileReference; lastKnownFileType = file.xib; name = Base; path = Base.lproj/LaunchScreen.xib; sourceTree = "<group>"; };
		222B8EB91AF2B4120091F73B /* Simon SaysTests.xctest */ = {isa = PBXFileReference; explicitFileType = wrapper.cfbundle; includeInIndex = 0; path = "Simon SaysTests.xctest"; sourceTree = BUILT_PRODUCTS_DIR; };
		222B8EBE1AF2B4120091F73B /* Info.plist */ = {isa = PBXFileReference; lastKnownFileType = text.plist.xml; path = Info.plist; sourceTree = "<group>"; };
		222B8EBF1AF2B4120091F73B /* Simon_SaysTests.swift */ = {isa = PBXFileReference; lastKnownFileType = sourcecode.swift; path = Simon_SaysTests.swift; sourceTree = "<group>"; };
		222B8ECD1AF2B4D60091F73B /* Simon Says WatchKit Extension.appex */ = {isa = PBXFileReference; explicitFileType = "wrapper.app-extension"; includeInIndex = 0; path = "Simon Says WatchKit Extension.appex"; sourceTree = BUILT_PRODUCTS_DIR; };
		222B8ED01AF2B4D60091F73B /* Info.plist */ = {isa = PBXFileReference; lastKnownFileType = text.plist.xml; path = Info.plist; sourceTree = "<group>"; };
		222B8ED11AF2B4D60091F73B /* InterfaceController.swift */ = {isa = PBXFileReference; lastKnownFileType = sourcecode.swift; path = InterfaceController.swift; sourceTree = "<group>"; };
		222B8ED31AF2B4D60091F73B /* Images.xcassets */ = {isa = PBXFileReference; lastKnownFileType = folder.assetcatalog; path = Images.xcassets; sourceTree = "<group>"; };
		222B8ED71AF2B4D60091F73B /* Simon Says WatchKit App.app */ = {isa = PBXFileReference; explicitFileType = wrapper.application; includeInIndex = 0; path = "Simon Says WatchKit App.app"; sourceTree = BUILT_PRODUCTS_DIR; };
		222B8EDD1AF2B4D60091F73B /* Info.plist */ = {isa = PBXFileReference; lastKnownFileType = text.plist.xml; path = Info.plist; sourceTree = "<group>"; };
		222B8EDF1AF2B4D60091F73B /* Base */ = {isa = PBXFileReference; lastKnownFileType = file.storyboard; name = Base; path = Base.lproj/Interface.storyboard; sourceTree = "<group>"; };
		222B8EE11AF2B4D60091F73B /* Images.xcassets */ = {isa = PBXFileReference; lastKnownFileType = folder.assetcatalog; path = Images.xcassets; sourceTree = "<group>"; };
		22C2BD6D1AF5343500CC23F5 /* MenuViewController.swift */ = {isa = PBXFileReference; fileEncoding = 4; lastKnownFileType = sourcecode.swift; path = MenuViewController.swift; sourceTree = "<group>"; };
		22C2BD6F1AF53E1500CC23F5 /* GameBoardViewController.swift */ = {isa = PBXFileReference; fileEncoding = 4; lastKnownFileType = sourcecode.swift; path = GameBoardViewController.swift; sourceTree = "<group>"; };
		22FDF8E01AF42CDE008EA3E6 /* MenuInterfaceController.swift */ = {isa = PBXFileReference; fileEncoding = 4; lastKnownFileType = sourcecode.swift; path = MenuInterfaceController.swift; sourceTree = "<group>"; };
/* End PBXFileReference section */

/* Begin PBXFrameworksBuildPhase section */
		222B8EA11AF2B4120091F73B /* Frameworks */ = {
			isa = PBXFrameworksBuildPhase;
			buildActionMask = 2147483647;
			files = (
			);
			runOnlyForDeploymentPostprocessing = 0;
		};
		222B8EB61AF2B4120091F73B /* Frameworks */ = {
			isa = PBXFrameworksBuildPhase;
			buildActionMask = 2147483647;
			files = (
			);
			runOnlyForDeploymentPostprocessing = 0;
		};
		222B8ECA1AF2B4D60091F73B /* Frameworks */ = {
			isa = PBXFrameworksBuildPhase;
			buildActionMask = 2147483647;
			files = (
			);
			runOnlyForDeploymentPostprocessing = 0;
		};
/* End PBXFrameworksBuildPhase section */

/* Begin PBXGroup section */
		222B8E9B1AF2B4120091F73B = {
			isa = PBXGroup;
			children = (
				222B8EA61AF2B4120091F73B /* Simon Says */,
				222B8EBC1AF2B4120091F73B /* Simon SaysTests */,
				222B8ECE1AF2B4D60091F73B /* Simon Says WatchKit Extension */,
				222B8EDB1AF2B4D60091F73B /* Simon Says WatchKit App */,
				222B8EA51AF2B4120091F73B /* Products */,
			);
			sourceTree = "<group>";
		};
		222B8EA51AF2B4120091F73B /* Products */ = {
			isa = PBXGroup;
			children = (
				222B8EA41AF2B4120091F73B /* Simon Says.app */,
				222B8EB91AF2B4120091F73B /* Simon SaysTests.xctest */,
				222B8ECD1AF2B4D60091F73B /* Simon Says WatchKit Extension.appex */,
				222B8ED71AF2B4D60091F73B /* Simon Says WatchKit App.app */,
			);
			name = Products;
			sourceTree = "<group>";
		};
		222B8EA61AF2B4120091F73B /* Simon Says */ = {
			isa = PBXGroup;
			children = (
				222B8EA91AF2B4120091F73B /* AppDelegate.swift */,
				222B8EAB1AF2B4120091F73B /* ViewController.swift */,
				222B8EAD1AF2B4120091F73B /* Main.storyboard */,
				22C2BD6F1AF53E1500CC23F5 /* GameBoardViewController.swift */,
				22C2BD6D1AF5343500CC23F5 /* MenuViewController.swift */,
				222B8EB01AF2B4120091F73B /* Images.xcassets */,
				222B8EB21AF2B4120091F73B /* LaunchScreen.xib */,
				222B8EA71AF2B4120091F73B /* Supporting Files */,
			);
			path = "Simon Says";
			sourceTree = "<group>";
		};
		222B8EA71AF2B4120091F73B /* Supporting Files */ = {
			isa = PBXGroup;
			children = (
				222B8EA81AF2B4120091F73B /* Info.plist */,
			);
			name = "Supporting Files";
			sourceTree = "<group>";
		};
		222B8EBC1AF2B4120091F73B /* Simon SaysTests */ = {
			isa = PBXGroup;
			children = (
				222B8EBF1AF2B4120091F73B /* Simon_SaysTests.swift */,
				222B8EBD1AF2B4120091F73B /* Supporting Files */,
			);
			path = "Simon SaysTests";
			sourceTree = "<group>";
		};
		222B8EBD1AF2B4120091F73B /* Supporting Files */ = {
			isa = PBXGroup;
			children = (
				222B8EBE1AF2B4120091F73B /* Info.plist */,
			);
			name = "Supporting Files";
			sourceTree = "<group>";
		};
		222B8ECE1AF2B4D60091F73B /* Simon Says WatchKit Extension */ = {
			isa = PBXGroup;
			children = (
				22FDF8E01AF42CDE008EA3E6 /* MenuInterfaceController.swift */,
				222B8ED11AF2B4D60091F73B /* InterfaceController.swift */,
				222B8ED31AF2B4D60091F73B /* Images.xcassets */,
				222B8ECF1AF2B4D60091F73B /* Supporting Files */,
			);
			path = "Simon Says WatchKit Extension";
			sourceTree = "<group>";
		};
		222B8ECF1AF2B4D60091F73B /* Supporting Files */ = {
			isa = PBXGroup;
			children = (
				222B8ED01AF2B4D60091F73B /* Info.plist */,
			);
			name = "Supporting Files";
			sourceTree = "<group>";
		};
		222B8EDB1AF2B4D60091F73B /* Simon Says WatchKit App */ = {
			isa = PBXGroup;
			children = (
				222B8EDE1AF2B4D60091F73B /* Interface.storyboard */,
				222B8EE11AF2B4D60091F73B /* Images.xcassets */,
				222B8EDC1AF2B4D60091F73B /* Supporting Files */,
			);
			path = "Simon Says WatchKit App";
			sourceTree = "<group>";
		};
		222B8EDC1AF2B4D60091F73B /* Supporting Files */ = {
			isa = PBXGroup;
			children = (
				222B8EDD1AF2B4D60091F73B /* Info.plist */,
			);
			name = "Supporting Files";
			sourceTree = "<group>";
		};
/* End PBXGroup section */

/* Begin PBXNativeTarget section */
		222B8EA31AF2B4120091F73B /* Simon Says */ = {
			isa = PBXNativeTarget;
			buildConfigurationList = 222B8EC31AF2B4120091F73B /* Build configuration list for PBXNativeTarget "Simon Says" */;
			buildPhases = (
				222B8EA01AF2B4120091F73B /* Sources */,
				222B8EA11AF2B4120091F73B /* Frameworks */,
				222B8EA21AF2B4120091F73B /* Resources */,
				222B8EEC1AF2B4D60091F73B /* Embed App Extensions */,
			);
			buildRules = (
			);
			dependencies = (
				222B8EE41AF2B4D60091F73B /* PBXTargetDependency */,
			);
			name = "Simon Says";
			productName = "Simon Says";
			productReference = 222B8EA41AF2B4120091F73B /* Simon Says.app */;
			productType = "com.apple.product-type.application";
		};
		222B8EB81AF2B4120091F73B /* Simon SaysTests */ = {
			isa = PBXNativeTarget;
			buildConfigurationList = 222B8EC61AF2B4120091F73B /* Build configuration list for PBXNativeTarget "Simon SaysTests" */;
			buildPhases = (
				222B8EB51AF2B4120091F73B /* Sources */,
				222B8EB61AF2B4120091F73B /* Frameworks */,
				222B8EB71AF2B4120091F73B /* Resources */,
			);
			buildRules = (
			);
			dependencies = (
				222B8EBB1AF2B4120091F73B /* PBXTargetDependency */,
			);
			name = "Simon SaysTests";
			productName = "Simon SaysTests";
			productReference = 222B8EB91AF2B4120091F73B /* Simon SaysTests.xctest */;
			productType = "com.apple.product-type.bundle.unit-test";
		};
		222B8ECC1AF2B4D60091F73B /* Simon Says WatchKit Extension */ = {
			isa = PBXNativeTarget;
			buildConfigurationList = 222B8EE91AF2B4D60091F73B /* Build configuration list for PBXNativeTarget "Simon Says WatchKit Extension" */;
			buildPhases = (
				222B8EC91AF2B4D60091F73B /* Sources */,
				222B8ECA1AF2B4D60091F73B /* Frameworks */,
				222B8ECB1AF2B4D60091F73B /* Resources */,
			);
			buildRules = (
			);
			dependencies = (
				222B8EDA1AF2B4D60091F73B /* PBXTargetDependency */,
			);
			name = "Simon Says WatchKit Extension";
			productName = "Simon Says WatchKit Extension";
			productReference = 222B8ECD1AF2B4D60091F73B /* Simon Says WatchKit Extension.appex */;
			productType = "com.apple.product-type.watchkit-extension";
		};
		222B8ED61AF2B4D60091F73B /* Simon Says WatchKit App */ = {
			isa = PBXNativeTarget;
			buildConfigurationList = 222B8EE61AF2B4D60091F73B /* Build configuration list for PBXNativeTarget "Simon Says WatchKit App" */;
			buildPhases = (
				222B8ED51AF2B4D60091F73B /* Resources */,
			);
			buildRules = (
			);
			dependencies = (
			);
			name = "Simon Says WatchKit App";
			productName = "Simon Says WatchKit App";
			productReference = 222B8ED71AF2B4D60091F73B /* Simon Says WatchKit App.app */;
			productType = "com.apple.product-type.application.watchapp";
		};
/* End PBXNativeTarget section */

/* Begin PBXProject section */
		222B8E9C1AF2B4120091F73B /* Project object */ = {
			isa = PBXProject;
			attributes = {
				LastUpgradeCheck = 0630;
				ORGANIZATIONNAME = "Randel Smith";
				TargetAttributes = {
					222B8EA31AF2B4120091F73B = {
						CreatedOnToolsVersion = 6.3.1;
					};
					222B8EB81AF2B4120091F73B = {
						CreatedOnToolsVersion = 6.3.1;
						TestTargetID = 222B8EA31AF2B4120091F73B;
					};
					222B8ECC1AF2B4D60091F73B = {
						CreatedOnToolsVersion = 6.3.1;
					};
					222B8ED61AF2B4D60091F73B = {
						CreatedOnToolsVersion = 6.3.1;
					};
				};
			};
			buildConfigurationList = 222B8E9F1AF2B4120091F73B /* Build configuration list for PBXProject "Simon Says" */;
			compatibilityVersion = "Xcode 3.2";
			developmentRegion = English;
			hasScannedForEncodings = 0;
			knownRegions = (
				en,
				Base,
			);
			mainGroup = 222B8E9B1AF2B4120091F73B;
			productRefGroup = 222B8EA51AF2B4120091F73B /* Products */;
			projectDirPath = "";
			projectRoot = "";
			targets = (
				222B8EA31AF2B4120091F73B /* Simon Says */,
				222B8EB81AF2B4120091F73B /* Simon SaysTests */,
				222B8ECC1AF2B4D60091F73B /* Simon Says WatchKit Extension */,
				222B8ED61AF2B4D60091F73B /* Simon Says WatchKit App */,
			);
		};
/* End PBXProject section */

/* Begin PBXResourcesBuildPhase section */
		222B8EA21AF2B4120091F73B /* Resources */ = {
			isa = PBXResourcesBuildPhase;
			buildActionMask = 2147483647;
			files = (
				222B8EAF1AF2B4120091F73B /* Main.storyboard in Resources */,
				222B8EB41AF2B4120091F73B /* LaunchScreen.xib in Resources */,
				222B8EB11AF2B4120091F73B /* Images.xcassets in Resources */,
			);
			runOnlyForDeploymentPostprocessing = 0;
		};
		222B8EB71AF2B4120091F73B /* Resources */ = {
			isa = PBXResourcesBuildPhase;
			buildActionMask = 2147483647;
			files = (
			);
			runOnlyForDeploymentPostprocessing = 0;
		};
		222B8ECB1AF2B4D60091F73B /* Resources */ = {
			isa = PBXResourcesBuildPhase;
			buildActionMask = 2147483647;
			files = (
				222B8ED81AF2B4D60091F73B /* Simon Says WatchKit App.app in Resources */,
				222B8ED41AF2B4D60091F73B /* Images.xcassets in Resources */,
			);
			runOnlyForDeploymentPostprocessing = 0;
		};
		222B8ED51AF2B4D60091F73B /* Resources */ = {
			isa = PBXResourcesBuildPhase;
			buildActionMask = 2147483647;
			files = (
				222B8EE01AF2B4D60091F73B /* Interface.storyboard in Resources */,
				222B8EE21AF2B4D60091F73B /* Images.xcassets in Resources */,
			);
			runOnlyForDeploymentPostprocessing = 0;
		};
/* End PBXResourcesBuildPhase section */

/* Begin PBXSourcesBuildPhase section */
		222B8EA01AF2B4120091F73B /* Sources */ = {
			isa = PBXSourcesBuildPhase;
			buildActionMask = 2147483647;
			files = (
				222B8EAC1AF2B4120091F73B /* ViewController.swift in Sources */,
				22C2BD701AF53E1500CC23F5 /* GameBoardViewController.swift in Sources */,
				22C2BD6E1AF5343500CC23F5 /* MenuViewController.swift in Sources */,
				222B8EAA1AF2B4120091F73B /* AppDelegate.swift in Sources */,
			);
			runOnlyForDeploymentPostprocessing = 0;
		};
		222B8EB51AF2B4120091F73B /* Sources */ = {
			isa = PBXSourcesBuildPhase;
			buildActionMask = 2147483647;
			files = (
				222B8EC01AF2B4120091F73B /* Simon_SaysTests.swift in Sources */,
			);
			runOnlyForDeploymentPostprocessing = 0;
		};
		222B8EC91AF2B4D60091F73B /* Sources */ = {
			isa = PBXSourcesBuildPhase;
			buildActionMask = 2147483647;
			files = (
				22FDF8E11AF42CDE008EA3E6 /* MenuInterfaceController.swift in Sources */,
				222B8ED21AF2B4D60091F73B /* InterfaceController.swift in Sources */,
			);
			runOnlyForDeploymentPostprocessing = 0;
		};
/* End PBXSourcesBuildPhase section */

/* Begin PBXTargetDependency section */
		222B8EBB1AF2B4120091F73B /* PBXTargetDependency */ = {
			isa = PBXTargetDependency;
			target = 222B8EA31AF2B4120091F73B /* Simon Says */;
			targetProxy = 222B8EBA1AF2B4120091F73B /* PBXContainerItemProxy */;
		};
		222B8EDA1AF2B4D60091F73B /* PBXTargetDependency */ = {
			isa = PBXTargetDependency;
			target = 222B8ED61AF2B4D60091F73B /* Simon Says WatchKit App */;
			targetProxy = 222B8ED91AF2B4D60091F73B /* PBXContainerItemProxy */;
		};
		222B8EE41AF2B4D60091F73B /* PBXTargetDependency */ = {
			isa = PBXTargetDependency;
			target = 222B8ECC1AF2B4D60091F73B /* Simon Says WatchKit Extension */;
			targetProxy = 222B8EE31AF2B4D60091F73B /* PBXContainerItemProxy */;
		};
/* End PBXTargetDependency section */

/* Begin PBXVariantGroup section */
		222B8EAD1AF2B4120091F73B /* Main.storyboard */ = {
			isa = PBXVariantGroup;
			children = (
				222B8EAE1AF2B4120091F73B /* Base */,
			);
			name = Main.storyboard;
			sourceTree = "<group>";
		};
		222B8EB21AF2B4120091F73B /* LaunchScreen.xib */ = {
			isa = PBXVariantGroup;
			children = (
				222B8EB31AF2B4120091F73B /* Base */,
			);
			name = LaunchScreen.xib;
			sourceTree = "<group>";
		};
		222B8EDE1AF2B4D60091F73B /* Interface.storyboard */ = {
			isa = PBXVariantGroup;
			children = (
				222B8EDF1AF2B4D60091F73B /* Base */,
			);
			name = Interface.storyboard;
			sourceTree = "<group>";
		};
/* End PBXVariantGroup section */

/* Begin XCBuildConfiguration section */
		222B8EC11AF2B4120091F73B /* Debug */ = {
			isa = XCBuildConfiguration;
			buildSettings = {
				ALWAYS_SEARCH_USER_PATHS = NO;
				CLANG_CXX_LANGUAGE_STANDARD = "gnu++0x";
				CLANG_CXX_LIBRARY = "libc++";
				CLANG_ENABLE_MODULES = YES;
				CLANG_ENABLE_OBJC_ARC = YES;
				CLANG_WARN_BOOL_CONVERSION = YES;
				CLANG_WARN_CONSTANT_CONVERSION = YES;
				CLANG_WARN_DIRECT_OBJC_ISA_USAGE = YES_ERROR;
				CLANG_WARN_EMPTY_BODY = YES;
				CLANG_WARN_ENUM_CONVERSION = YES;
				CLANG_WARN_INT_CONVERSION = YES;
				CLANG_WARN_OBJC_ROOT_CLASS = YES_ERROR;
				CLANG_WARN_UNREACHABLE_CODE = YES;
				CLANG_WARN__DUPLICATE_METHOD_MATCH = YES;
				"CODE_SIGN_IDENTITY[sdk=iphoneos*]" = "iPhone Developer";
				COPY_PHASE_STRIP = NO;
				DEBUG_INFORMATION_FORMAT = "dwarf-with-dsym";
				ENABLE_STRICT_OBJC_MSGSEND = YES;
				GCC_C_LANGUAGE_STANDARD = gnu99;
				GCC_DYNAMIC_NO_PIC = NO;
				GCC_NO_COMMON_BLOCKS = YES;
				GCC_OPTIMIZATION_LEVEL = 0;
				GCC_PREPROCESSOR_DEFINITIONS = (
					"DEBUG=1",
					"$(inherited)",
				);
				GCC_SYMBOLS_PRIVATE_EXTERN = NO;
				GCC_WARN_64_TO_32_BIT_CONVERSION = YES;
				GCC_WARN_ABOUT_RETURN_TYPE = YES_ERROR;
				GCC_WARN_UNDECLARED_SELECTOR = YES;
				GCC_WARN_UNINITIALIZED_AUTOS = YES_AGGRESSIVE;
				GCC_WARN_UNUSED_FUNCTION = YES;
				GCC_WARN_UNUSED_VARIABLE = YES;
				IPHONEOS_DEPLOYMENT_TARGET = 8.3;
				MTL_ENABLE_DEBUG_INFO = YES;
				ONLY_ACTIVE_ARCH = YES;
				SDKROOT = iphoneos;
				SWIFT_OPTIMIZATION_LEVEL = "-Onone";
				TARGETED_DEVICE_FAMILY = "1,2";
			};
			name = Debug;
		};
		222B8EC21AF2B4120091F73B /* Release */ = {
			isa = XCBuildConfiguration;
			buildSettings = {
				ALWAYS_SEARCH_USER_PATHS = NO;
				CLANG_CXX_LANGUAGE_STANDARD = "gnu++0x";
				CLANG_CXX_LIBRARY = "libc++";
				CLANG_ENABLE_MODULES = YES;
				CLANG_ENABLE_OBJC_ARC = YES;
				CLANG_WARN_BOOL_CONVERSION = YES;
				CLANG_WARN_CONSTANT_CONVERSION = YES;
				CLANG_WARN_DIRECT_OBJC_ISA_USAGE = YES_ERROR;
				CLANG_WARN_EMPTY_BODY = YES;
				CLANG_WARN_ENUM_CONVERSION = YES;
				CLANG_WARN_INT_CONVERSION = YES;
				CLANG_WARN_OBJC_ROOT_CLASS = YES_ERROR;
				CLANG_WARN_UNREACHABLE_CODE = YES;
				CLANG_WARN__DUPLICATE_METHOD_MATCH = YES;
				"CODE_SIGN_IDENTITY[sdk=iphoneos*]" = "iPhone Developer";
				COPY_PHASE_STRIP = NO;
				DEBUG_INFORMATION_FORMAT = "dwarf-with-dsym";
				ENABLE_NS_ASSERTIONS = NO;
				ENABLE_STRICT_OBJC_MSGSEND = YES;
				GCC_C_LANGUAGE_STANDARD = gnu99;
				GCC_NO_COMMON_BLOCKS = YES;
				GCC_WARN_64_TO_32_BIT_CONVERSION = YES;
				GCC_WARN_ABOUT_RETURN_TYPE = YES_ERROR;
				GCC_WARN_UNDECLARED_SELECTOR = YES;
				GCC_WARN_UNINITIALIZED_AUTOS = YES_AGGRESSIVE;
				GCC_WARN_UNUSED_FUNCTION = YES;
				GCC_WARN_UNUSED_VARIABLE = YES;
				IPHONEOS_DEPLOYMENT_TARGET = 8.3;
				MTL_ENABLE_DEBUG_INFO = NO;
				SDKROOT = iphoneos;
				TARGETED_DEVICE_FAMILY = "1,2";
				VALIDATE_PRODUCT = YES;
			};
			name = Release;
		};
		222B8EC41AF2B4120091F73B /* Debug */ = {
			isa = XCBuildConfiguration;
			buildSettings = {
				ASSETCATALOG_COMPILER_APPICON_NAME = AppIcon;
				ASSETCATALOG_COMPILER_LAUNCHIMAGE_NAME = "LaunchImage-2";
				INFOPLIST_FILE = "Simon Says/Info.plist";
				LD_RUNPATH_SEARCH_PATHS = "$(inherited) @executable_path/Frameworks";
				PRODUCT_NAME = "$(TARGET_NAME)";
			};
			name = Debug;
		};
		222B8EC51AF2B4120091F73B /* Release */ = {
			isa = XCBuildConfiguration;
			buildSettings = {
				ASSETCATALOG_COMPILER_APPICON_NAME = AppIcon;
				ASSETCATALOG_COMPILER_LAUNCHIMAGE_NAME = "LaunchImage-2";
				INFOPLIST_FILE = "Simon Says/Info.plist";
				LD_RUNPATH_SEARCH_PATHS = "$(inherited) @executable_path/Frameworks";
				PRODUCT_NAME = "$(TARGET_NAME)";
			};
			name = Release;
		};
		222B8EC71AF2B4120091F73B /* Debug */ = {
			isa = XCBuildConfiguration;
			buildSettings = {
				BUNDLE_LOADER = "$(TEST_HOST)";
				FRAMEWORK_SEARCH_PATHS = (
					"$(SDKROOT)/Developer/Library/Frameworks",
					"$(inherited)",
				);
				GCC_PREPROCESSOR_DEFINITIONS = (
					"DEBUG=1",
					"$(inherited)",
				);
				INFOPLIST_FILE = "Simon SaysTests/Info.plist";
				LD_RUNPATH_SEARCH_PATHS = "$(inherited) @executable_path/Frameworks @loader_path/Frameworks";
				PRODUCT_NAME = "$(TARGET_NAME)";
				TEST_HOST = "$(BUILT_PRODUCTS_DIR)/Simon Says.app/Simon Says";
			};
			name = Debug;
		};
		222B8EC81AF2B4120091F73B /* Release */ = {
			isa = XCBuildConfiguration;
			buildSettings = {
				BUNDLE_LOADER = "$(TEST_HOST)";
				FRAMEWORK_SEARCH_PATHS = (
					"$(SDKROOT)/Developer/Library/Frameworks",
					"$(inherited)",
				);
				INFOPLIST_FILE = "Simon SaysTests/Info.plist";
				LD_RUNPATH_SEARCH_PATHS = "$(inherited) @executable_path/Frameworks @loader_path/Frameworks";
				PRODUCT_NAME = "$(TARGET_NAME)";
				TEST_HOST = "$(BUILT_PRODUCTS_DIR)/Simon Says.app/Simon Says";
			};
			name = Release;
		};
		222B8EE71AF2B4D60091F73B /* Debug */ = {
			isa = XCBuildConfiguration;
			buildSettings = {
				ASSETCATALOG_COMPILER_APPICON_NAME = "AppIcon-2";
				GCC_PREPROCESSOR_DEFINITIONS = (
					"DEBUG=1",
					"$(inherited)",
				);
				IBSC_MODULE = Simon_Says_WatchKit_Extension;
				INFOPLIST_FILE = "Simon Says WatchKit App/Info.plist";
				IPHONEOS_DEPLOYMENT_TARGET = 8.2;
				PRODUCT_NAME = "$(TARGET_NAME)";
				SKIP_INSTALL = YES;
				TARGETED_DEVICE_FAMILY = 4;
				"TARGETED_DEVICE_FAMILY[sdk=iphonesimulator*]" = "1,4";
			};
			name = Debug;
		};
		222B8EE81AF2B4D60091F73B /* Release */ = {
			isa = XCBuildConfiguration;
			buildSettings = {
				ASSETCATALOG_COMPILER_APPICON_NAME = "AppIcon-2";
				IBSC_MODULE = Simon_Says_WatchKit_Extension;
				INFOPLIST_FILE = "Simon Says WatchKit App/Info.plist";
				IPHONEOS_DEPLOYMENT_TARGET = 8.2;
				PRODUCT_NAME = "$(TARGET_NAME)";
				SKIP_INSTALL = YES;
				TARGETED_DEVICE_FAMILY = 4;
				"TARGETED_DEVICE_FAMILY[sdk=iphonesimulator*]" = "1,4";
			};
			name = Release;
		};
		222B8EEA1AF2B4D60091F73B /* Debug */ = {
			isa = XCBuildConfiguration;
			buildSettings = {
				GCC_PREPROCESSOR_DEFINITIONS = (
					"DEBUG=1",
					"$(inherited)",
				);
				INFOPLIST_FILE = "Simon Says WatchKit Extension/Info.plist";
				LD_RUNPATH_SEARCH_PATHS = "$(inherited) @executable_path/Frameworks @executable_path/../../Frameworks";
				PRODUCT_NAME = "${TARGET_NAME}";
				SKIP_INSTALL = YES;
			};
			name = Debug;
		};
		222B8EEB1AF2B4D60091F73B /* Release */ = {
			isa = XCBuildConfiguration;
			buildSettings = {
				INFOPLIST_FILE = "Simon Says WatchKit Extension/Info.plist";
				LD_RUNPATH_SEARCH_PATHS = "$(inherited) @executable_path/Frameworks @executable_path/../../Frameworks";
				PRODUCT_NAME = "${TARGET_NAME}";
				SKIP_INSTALL = YES;
			};
			name = Release;
		};
/* End XCBuildConfiguration section */

/* Begin XCConfigurationList section */
		222B8E9F1AF2B4120091F73B /* Build configuration list for PBXProject "Simon Says" */ = {
			isa = XCConfigurationList;
			buildConfigurations = (
				222B8EC11AF2B4120091F73B /* Debug */,
				222B8EC21AF2B4120091F73B /* Release */,
			);
			defaultConfigurationIsVisible = 0;
			defaultConfigurationName = Release;
		};
		222B8EC31AF2B4120091F73B /* Build configuration list for PBXNativeTarget "Simon Says" */ = {
			isa = XCConfigurationList;
			buildConfigurations = (
				222B8EC41AF2B4120091F73B /* Debug */,
				222B8EC51AF2B4120091F73B /* Release */,
			);
			defaultConfigurationIsVisible = 0;
			defaultConfigurationName = Release;
		};
		222B8EC61AF2B4120091F73B /* Build configuration list for PBXNativeTarget "Simon SaysTests" */ = {
			isa = XCConfigurationList;
			buildConfigurations = (
				222B8EC71AF2B4120091F73B /* Debug */,
				222B8EC81AF2B4120091F73B /* Release */,
			);
			defaultConfigurationIsVisible = 0;
			defaultConfigurationName = Release;
		};
		222B8EE61AF2B4D60091F73B /* Build configuration list for PBXNativeTarget "Simon Says WatchKit App" */ = {
			isa = XCConfigurationList;
			buildConfigurations = (
				222B8EE71AF2B4D60091F73B /* Debug */,
				222B8EE81AF2B4D60091F73B /* Release */,
			);
			defaultConfigurationIsVisible = 0;
			defaultConfigurationName = Release;
		};
		222B8EE91AF2B4D60091F73B /* Build configuration list for PBXNativeTarget "Simon Says WatchKit Extension" */ = {
			isa = XCConfigurationList;
			buildConfigurations = (
				222B8EEA1AF2B4D60091F73B /* Debug */,
				222B8EEB1AF2B4D60091F73B /* Release */,
			);
			defaultConfigurationIsVisible = 0;
			defaultConfigurationName = Release;
		};
/* End XCConfigurationList section */
	};
	rootObject = 222B8E9C1AF2B4120091F73B /* Project object */;
}
